Microsoft Visual Studio Solution File, Format Version 12.00
# Visual Studio Version 17
VisualStudioVersion = 17.5.2.0
MinimumVisualStudioVersion = 10.0.40219.1
Project("{FAE04EC0-301F-11D3-BF4B-00C04F79EFBC}") = "Shop.API", "Shop.API\Shop.API.csproj", "{6B34390C-872A-9A84-F0EE-F15A92261F69}"
EndProject
Project("{FAE04EC0-301F-11D3-BF4B-00C04F79EFBC}") = "Shop.Application", "Shop.Application\Shop.Application.csproj", "{4D1E0E16-1599-D2E5-44FC-E7A20CB6B9F6}"
EndProject
Project("{FAE04EC0-301F-11D3-BF4B-00C04F79EFBC}") = "Shop.Domain", "Shop.Domain\Shop.Domain.csproj", "{362D6DF1-19B9-A262-DCD3-A6AEAC813004}"
EndProject
Project("{FAE04EC0-301F-11D3-BF4B-00C04F79EFBC}") = "Shop.Infrastructure", "Shop.Infrastructure\Shop.Infrastructure.csproj", "{AF2B9E6E-FEE2-2BDE-9507-7ED7D4B9C65F}"
EndProject
Global
	GlobalSection(SolutionConfigurationPlatforms) = preSolution
		Debug|Any CPU = Debug|Any CPU
		Release|Any CPU = Release|Any CPU
	EndGlobalSection
	GlobalSection(ProjectConfigurationPlatforms) = postSolution
		{6B34390C-872A-9A84-F0EE-F15A92261F69}.Debug|Any CPU.ActiveCfg = Debug|Any CPU
		{6B34390C-872A-9A84-F0EE-F15A92261F69}.Debug|Any CPU.Build.0 = Debug|Any CPU
		{6B34390C-872A-9A84-F0EE-F15A92261F69}.Release|Any CPU.ActiveCfg = Release|Any CPU
		{6B34390C-872A-9A84-F0EE-F15A92261F69}.Release|Any CPU.Build.0 = Release|Any CPU
		{4D1E0E16-1599-D2E5-44FC-E7A20CB6B9F6}.Debug|Any CPU.ActiveCfg = Debug|Any CPU
		{4D1E0E16-1599-D2E5-44FC-E7A20CB6B9F6}.Debug|Any CPU.Build.0 = Debug|Any CPU
		{4D1E0E16-1599-D2E5-44FC-E7A20CB6B9F6}.Release|Any CPU.ActiveCfg = Release|Any CPU
		{4D1E0E16-1599-D2E5-44FC-E7A20CB6B9F6}.Release|Any CPU.Build.0 = Release|Any CPU
		{362D6DF1-19B9-A262-DCD3-A6AEAC813004}.Debug|Any CPU.ActiveCfg = Debug|Any CPU
		{362D6DF1-19B9-A262-DCD3-A6AEAC813004}.Debug|Any CPU.Build.0 = Debug|Any CPU
		{362D6DF1-19B9-A262-DCD3-A6AEAC813004}.Release|Any CPU.ActiveCfg = Release|Any CPU
		{362D6DF1-19B9-A262-DCD3-A6AEAC813004}.Release|Any CPU.Build.0 = Release|Any CPU
		{AF2B9E6E-FEE2-2BDE-9507-7ED7D4B9C65F}.Debug|Any CPU.ActiveCfg = Debug|Any CPU
		{AF2B9E6E-FEE2-2BDE-9507-7ED7D4B9C65F}.Debug|Any CPU.Build.0 = Debug|Any CPU
		{AF2B9E6E-FEE2-2BDE-9507-7ED7D4B9C65F}.Release|Any CPU.ActiveCfg = Release|Any CPU
		{AF2B9E6E-FEE2-2BDE-9507-7ED7D4B9C65F}.Release|Any CPU.Build.0 = Release|Any CPU
	EndGlobalSection
	GlobalSection(SolutionProperties) = preSolution
		HideSolutionNode = FALSE
	EndGlobalSection
	GlobalSection(ExtensibilityGlobals) = postSolution
		SolutionGuid = {7C043476-1DD7-4F81-B25E-ACFA32DDFD5A}
	EndGlobalSection
EndGlobal
